// !$*UTF8*$!
{
	archiveVersion = 1;
	classes = {
	};
	objectVersion = 46;
	objects = {

/* Begin PBXBuildFile section */
		DD9B73BA1BBEE28200AB2E6A /* main.m in Sources */ = {isa = PBXBuildFile; fileRef = DD9B73B91BBEE28200AB2E6A /* main.m */; };
		DD9B73BD1BBEE28200AB2E6A /* AppDelegate.m in Sources */ = {isa = PBXBuildFile; fileRef = DD9B73BC1BBEE28200AB2E6A /* AppDelegate.m */; };
		DD9B73C01BBEE28200AB2E6A /* ViewController.m in Sources */ = {isa = PBXBuildFile; fileRef = DD9B73BF1BBEE28200AB2E6A /* ViewController.m */; };
		DD9B73C31BBEE28200AB2E6A /* Main.storyboard in Resources */ = {isa = PBXBuildFile; fileRef = DD9B73C11BBEE28200AB2E6A /* Main.storyboard */; };
		DD9B73C61BBEE28200AB2E6A /* News_App.xcdatamodeld in Sources */ = {isa = PBXBuildFile; fileRef = DD9B73C41BBEE28200AB2E6A /* News_App.xcdatamodeld */; };
		DD9B73C81BBEE28200AB2E6A /* Assets.xcassets in Resources */ = {isa = PBXBuildFile; fileRef = DD9B73C71BBEE28200AB2E6A /* Assets.xcassets */; };
		DD9B73CB1BBEE28200AB2E6A /* LaunchScreen.storyboard in Resources */ = {isa = PBXBuildFile; fileRef = DD9B73C91BBEE28200AB2E6A /* LaunchScreen.storyboard */; };
		DD9B73D61BBEE28300AB2E6A /* News_AppTests.m in Sources */ = {isa = PBXBuildFile; fileRef = DD9B73D51BBEE28300AB2E6A /* News_AppTests.m */; };
		DD9B73E11BBEF60600AB2E6A /* StoreKit.framework in Frameworks */ = {isa = PBXBuildFile; fileRef = DD9B73E01BBEF60600AB2E6A /* StoreKit.framework */; };
		DD9B73E41BBEF77500AB2E6A /* ProSubscriptionService.m in Sources */ = {isa = PBXBuildFile; fileRef = DD9B73E31BBEF77500AB2E6A /* ProSubscriptionService.m */; };
/* End PBXBuildFile section */

/* Begin PBXContainerItemProxy section */
		DD9B73D21BBEE28300AB2E6A /* PBXContainerItemProxy */ = {
			isa = PBXContainerItemProxy;
			containerPortal = DD9B73AD1BBEE28200AB2E6A /* Project object */;
			proxyType = 1;
			remoteGlobalIDString = DD9B73B41BBEE28200AB2E6A;
			remoteInfo = "News App";
		};
/* End PBXContainerItemProxy section */

/* Begin PBXFileReference section */
		DD9B73B51BBEE28200AB2E6A /* News App.app */ = {isa = PBXFileReference; explicitFileType = wrapper.application; includeInIndex = 0; path = "News App.app"; sourceTree = BUILT_PRODUCTS_DIR; };
		DD9B73B91BBEE28200AB2E6A /* main.m */ = {isa = PBXFileReference; lastKnownFileType = sourcecode.c.objc; path = main.m; sourceTree = "<group>"; };
		DD9B73BB1BBEE28200AB2E6A /* AppDelegate.h */ = {isa = PBXFileReference; lastKnownFileType = sourcecode.c.h; path = AppDelegate.h; sourceTree = "<group>"; };
		DD9B73BC1BBEE28200AB2E6A /* AppDelegate.m */ = {isa = PBXFileReference; lastKnownFileType = sourcecode.c.objc; path = AppDelegate.m; sourceTree = "<group>"; };
		DD9B73BE1BBEE28200AB2E6A /* ViewController.h */ = {isa = PBXFileReference; lastKnownFileType = sourcecode.c.h; path = ViewController.h; sourceTree = "<group>"; };
		DD9B73BF1BBEE28200AB2E6A /* ViewController.m */ = {isa = PBXFileReference; lastKnownFileType = sourcecode.c.objc; path = ViewController.m; sourceTree = "<group>"; };
		DD9B73C21BBEE28200AB2E6A /* Base */ = {isa = PBXFileReference; lastKnownFileType = file.storyboard; name = Base; path = Base.lproj/Main.storyboard; sourceTree = "<group>"; };
		DD9B73C51BBEE28200AB2E6A /* News_App.xcdatamodel */ = {isa = PBXFileReference; lastKnownFileType = wrapper.xcdatamodel; path = News_App.xcdatamodel; sourceTree = "<group>"; };
		DD9B73C71BBEE28200AB2E6A /* Assets.xcassets */ = {isa = PBXFileReference; lastKnownFileType = folder.assetcatalog; path = Assets.xcassets; sourceTree = "<group>"; };
		DD9B73CA1BBEE28200AB2E6A /* Base */ = {isa = PBXFileReference; lastKnownFileType = file.storyboard; name = Base; path = Base.lproj/LaunchScreen.storyboard; sourceTree = "<group>"; };
		DD9B73CC1BBEE28200AB2E6A /* Info.plist */ = {isa = PBXFileReference; lastKnownFileType = text.plist.xml; path = Info.plist; sourceTree = "<group>"; };
		DD9B73D11BBEE28300AB2E6A /* News AppTests.xctest */ = {isa = PBXFileReference; explicitFileType = wrapper.cfbundle; includeInIndex = 0; path = "News AppTests.xctest"; sourceTree = BUILT_PRODUCTS_DIR; };
		DD9B73D51BBEE28300AB2E6A /* News_AppTests.m */ = {isa = PBXFileReference; lastKnownFileType = sourcecode.c.objc; path = News_AppTests.m; sourceTree = "<group>"; };
		DD9B73D71BBEE28300AB2E6A /* Info.plist */ = {isa = PBXFileReference; lastKnownFileType = text.plist.xml; path = Info.plist; sourceTree = "<group>"; };
		DD9B73E01BBEF60600AB2E6A /* StoreKit.framework */ = {isa = PBXFileReference; lastKnownFileType = wrapper.framework; name = StoreKit.framework; path = System/Library/Frameworks/StoreKit.framework; sourceTree = SDKROOT; };
		DD9B73E21BBEF77500AB2E6A /* ProSubscriptionService.h */ = {isa = PBXFileReference; fileEncoding = 4; lastKnownFileType = sourcecode.c.h; path = ProSubscriptionService.h; sourceTree = "<group>"; };
		DD9B73E31BBEF77500AB2E6A /* ProSubscriptionService.m */ = {isa = PBXFileReference; fileEncoding = 4; lastKnownFileType = sourcecode.c.objc; path = ProSubscriptionService.m; sourceTree = "<group>"; };
/* End PBXFileReference section */

/* Begin PBXFrameworksBuildPhase section */
		DD9B73B21BBEE28200AB2E6A /* Frameworks */ = {
			isa = PBXFrameworksBuildPhase;
			buildActionMask = 2147483647;
			files = (
				DD9B73E11BBEF60600AB2E6A /* StoreKit.framework in Frameworks */,
			);
			runOnlyForDeploymentPostprocessing = 0;
		};
		DD9B73CE1BBEE28300AB2E6A /* Frameworks */ = {
			isa = PBXFrameworksBuildPhase;
			buildActionMask = 2147483647;
			files = (
			);
			runOnlyForDeploymentPostprocessing = 0;
		};
/* End PBXFrameworksBuildPhase section */

/* Begin PBXGroup section */
		DD9B73AC1BBEE28200AB2E6A = {
			isa = PBXGroup;
			children = (
				DD9B73E01BBEF60600AB2E6A /* StoreKit.framework */,
				DD9B73B71BBEE28200AB2E6A /* News App */,
				DD9B73D41BBEE28300AB2E6A /* News AppTests */,
				DD9B73B61BBEE28200AB2E6A /* Products */,
			);
			sourceTree = "<group>";
		};
		DD9B73B61BBEE28200AB2E6A /* Products */ = {
			isa = PBXGroup;
			children = (
				DD9B73B51BBEE28200AB2E6A /* News App.app */,
				DD9B73D11BBEE28300AB2E6A /* News AppTests.xctest */,
			);
			name = Products;
			sourceTree = "<group>";
		};
		DD9B73B71BBEE28200AB2E6A /* News App */ = {
			isa = PBXGroup;
			children = (
				DD9B73BB1BBEE28200AB2E6A /* AppDelegate.h */,
				DD9B73BC1BBEE28200AB2E6A /* AppDelegate.m */,
				DD9B73BE1BBEE28200AB2E6A /* ViewController.h */,
				DD9B73BF1BBEE28200AB2E6A /* ViewController.m */,
				DD9B73E21BBEF77500AB2E6A /* ProSubscriptionService.h */,
				DD9B73E31BBEF77500AB2E6A /* ProSubscriptionService.m */,
				DD9B73C11BBEE28200AB2E6A /* Main.storyboard */,
				DD9B73C71BBEE28200AB2E6A /* Assets.xcassets */,
				DD9B73C91BBEE28200AB2E6A /* LaunchScreen.storyboard */,
				DD9B73CC1BBEE28200AB2E6A /* Info.plist */,
				DD9B73C41BBEE28200AB2E6A /* News_App.xcdatamodeld */,
				DD9B73B81BBEE28200AB2E6A /* Supporting Files */,
			);
			path = "News App";
			sourceTree = "<group>";
		};
		DD9B73B81BBEE28200AB2E6A /* Supporting Files */ = {
			isa = PBXGroup;
			children = (
				DD9B73B91BBEE28200AB2E6A /* main.m */,
			);
			name = "Supporting Files";
			sourceTree = "<group>";
		};
		DD9B73D41BBEE28300AB2E6A /* News AppTests */ = {
			isa = PBXGroup;
			children = (
				DD9B73D51BBEE28300AB2E6A /* News_AppTests.m */,
				DD9B73D71BBEE28300AB2E6A /* Info.plist */,
			);
			path = "News AppTests";
			sourceTree = "<group>";
		};
/* End PBXGroup section */

/* Begin PBXNativeTarget section */
		DD9B73B41BBEE28200AB2E6A /* News App */ = {
			isa = PBXNativeTarget;
			buildConfigurationList = DD9B73DA1BBEE28300AB2E6A /* Build configuration list for PBXNativeTarget "News App" */;
			buildPhases = (
				DD9B73B11BBEE28200AB2E6A /* Sources */,
				DD9B73B21BBEE28200AB2E6A /* Frameworks */,
				DD9B73B31BBEE28200AB2E6A /* Resources */,
			);
			buildRules = (
			);
			dependencies = (
			);
			name = "News App";
			productName = "News App";
			productReference = DD9B73B51BBEE28200AB2E6A /* News App.app */;
			productType = "com.apple.product-type.application";
		};
		DD9B73D01BBEE28300AB2E6A /* News AppTests */ = {
			isa = PBXNativeTarget;
			buildConfigurationList = DD9B73DD1BBEE28300AB2E6A /* Build configuration list for PBXNativeTarget "News AppTests" */;
			buildPhases = (
				DD9B73CD1BBEE28300AB2E6A /* Sources */,
				DD9B73CE1BBEE28300AB2E6A /* Frameworks */,
				DD9B73CF1BBEE28300AB2E6A /* Resources */,
			);
			buildRules = (
			);
			dependencies = (
				DD9B73D31BBEE28300AB2E6A /* PBXTargetDependency */,
			);
			name = "News AppTests";
			productName = "News AppTests";
			productReference = DD9B73D11BBEE28300AB2E6A /* News AppTests.xctest */;
			productType = "com.apple.product-type.bundle.unit-test";
		};
/* End PBXNativeTarget section */

/* Begin PBXProject section */
		DD9B73AD1BBEE28200AB2E6A /* Project object */ = {
			isa = PBXProject;
			attributes = {
				LastUpgradeCheck = 0700;
				ORGANIZATIONNAME = "Markit on Demand";
				TargetAttributes = {
					DD9B73B41BBEE28200AB2E6A = {
						CreatedOnToolsVersion = 7.0;
						DevelopmentTeam = J2Y77U9RAN;
						SystemCapabilities = {
							com.apple.InAppPurchase = {
								enabled = 1;
							};
						};
					};
					DD9B73D01BBEE28300AB2E6A = {
						CreatedOnToolsVersion = 7.0;
						TestTargetID = DD9B73B41BBEE28200AB2E6A;
					};
				};
			};
			buildConfigurationList = DD9B73B01BBEE28200AB2E6A /* Build configuration list for PBXProject "News App" */;
			compatibilityVersion = "Xcode 3.2";
			developmentRegion = English;
			hasScannedForEncodings = 0;
			knownRegions = (
				en,
				Base,
			);
			mainGroup = DD9B73AC1BBEE28200AB2E6A;
			productRefGroup = DD9B73B61BBEE28200AB2E6A /* Products */;
			projectDirPath = "";
			projectRoot = "";
			targets = (
				DD9B73B41BBEE28200AB2E6A /* News App */,
				DD9B73D01BBEE28300AB2E6A /* News AppTests */,
			);
		};
/* End PBXProject section */

/* Begin PBXResourcesBuildPhase section */
		DD9B73B31BBEE28200AB2E6A /* Resources */ = {
			isa = PBXResourcesBuildPhase;
			buildActionMask = 2147483647;
			files = (
				DD9B73CB1BBEE28200AB2E6A /* LaunchScreen.storyboard in Resources */,
				DD9B73C81BBEE28200AB2E6A /* Assets.xcassets in Resources */,
				DD9B73C31BBEE28200AB2E6A /* Main.storyboard in Resources */,
			);
			runOnlyForDeploymentPostprocessing = 0;
		};
		DD9B73CF1BBEE28300AB2E6A /* Resources */ = {
			isa = PBXResourcesBuildPhase;
			buildActionMask = 2147483647;
			files = (
			);
			runOnlyForDeploymentPostprocessing = 0;
		};
/* End PBXResourcesBuildPhase section */

/* Begin PBXSourcesBuildPhase section */
		DD9B73B11BBEE28200AB2E6A /* Sources */ = {
			isa = PBXSourcesBuildPhase;
			buildActionMask = 2147483647;
			files = (
				DD9B73E41BBEF77500AB2E6A /* ProSubscriptionService.m in Sources */,
				DD9B73C01BBEE28200AB2E6A /* ViewController.m in Sources */,
				DD9B73BD1BBEE28200AB2E6A /* AppDelegate.m in Sources */,
				DD9B73C61BBEE28200AB2E6A /* News_App.xcdatamodeld in Sources */,
				DD9B73BA1BBEE28200AB2E6A /* main.m in Sources */,
			);
			runOnlyForDeploymentPostprocessing = 0;
		};
		DD9B73CD1BBEE28300AB2E6A /* Sources */ = {
			isa = PBXSourcesBuildPhase;
			buildActionMask = 2147483647;
			files = (
				DD9B73D61BBEE28300AB2E6A /* News_AppTests.m in Sources */,
			);
			runOnlyForDeploymentPostprocessing = 0;
		};
/* End PBXSourcesBuildPhase section */

/* Begin PBXTargetDependency section */
		DD9B73D31BBEE28300AB2E6A /* PBXTargetDependency */ = {
			isa = PBXTargetDependency;
			target = DD9B73B41BBEE28200AB2E6A /* News App */;
			targetProxy = DD9B73D21BBEE28300AB2E6A /* PBXContainerItemProxy */;
		};
/* End PBXTargetDependency section */

/* Begin PBXVariantGroup section */
		DD9B73C11BBEE28200AB2E6A /* Main.storyboard */ = {
			isa = PBXVariantGroup;
			children = (
				DD9B73C21BBEE28200AB2E6A /* Base */,
			);
			name = Main.storyboard;
			sourceTree = "<group>";
		};
		DD9B73C91BBEE28200AB2E6A /* LaunchScreen.storyboard */ = {
			isa = PBXVariantGroup;
			children = (
				DD9B73CA1BBEE28200AB2E6A /* Base */,
			);
			name = LaunchScreen.storyboard;
			sourceTree = "<group>";
		};
/* End PBXVariantGroup section */

/* Begin XCBuildConfiguration section */
		DD9B73D81BBEE28300AB2E6A /* Debug */ = {
			isa = XCBuildConfiguration;
			buildSettings = {
				ALWAYS_SEARCH_USER_PATHS = NO;
				CLANG_CXX_LANGUAGE_STANDARD = "gnu++0x";
				CLANG_CXX_LIBRARY = "libc++";
				CLANG_ENABLE_MODULES = YES;
				CLANG_ENABLE_OBJC_ARC = YES;
				CLANG_WARN_BOOL_CONVERSION = YES;
				CLANG_WARN_CONSTANT_CONVERSION = YES;
				CLANG_WARN_DIRECT_OBJC_ISA_USAGE = YES_ERROR;
				CLANG_WARN_EMPTY_BODY = YES;
				CLANG_WARN_ENUM_CONVERSION = YES;
				CLANG_WARN_INT_CONVERSION = YES;
				CLANG_WARN_OBJC_ROOT_CLASS = YES_ERROR;
				CLANG_WARN_UNREACHABLE_CODE = YES;
				CLANG_WARN__DUPLICATE_METHOD_MATCH = YES;
				"CODE_SIGN_IDENTITY[sdk=iphoneos*]" = "iPhone Developer";
				COPY_PHASE_STRIP = NO;
				DEBUG_INFORMATION_FORMAT = dwarf;
				ENABLE_STRICT_OBJC_MSGSEND = YES;
				ENABLE_TESTABILITY = YES;
				GCC_C_LANGUAGE_STANDARD = gnu99;
				GCC_DYNAMIC_NO_PIC = NO;
				GCC_NO_COMMON_BLOCKS = YES;
				GCC_OPTIMIZATION_LEVEL = 0;
				GCC_PREPROCESSOR_DEFINITIONS = (
					"DEBUG=1",
					"$(inherited)",
				);
				GCC_WARN_64_TO_32_BIT_CONVERSION = YES;
				GCC_WARN_ABOUT_RETURN_TYPE = YES_ERROR;
				GCC_WARN_UNDECLARED_SELECTOR = YES;
				GCC_WARN_UNINITIALIZED_AUTOS = YES_AGGRESSIVE;
				GCC_WARN_UNUSED_FUNCTION = YES;
				GCC_WARN_UNUSED_VARIABLE = YES;
				IPHONEOS_DEPLOYMENT_TARGET = 9.0;
				MTL_ENABLE_DEBUG_INFO = YES;
				ONLY_ACTIVE_ARCH = YES;
				SDKROOT = iphoneos;
				TARGETED_DEVICE_FAMILY = "1,2";
			};
			name = Debug;
		};
		DD9B73D91BBEE28300AB2E6A /* Release */ = {
			isa = XCBuildConfiguration;
			buildSettings = {
				ALWAYS_SEARCH_USER_PATHS = NO;
				CLANG_CXX_LANGUAGE_STANDARD = "gnu++0x";
				CLANG_CXX_LIBRARY = "libc++";
				CLANG_ENABLE_MODULES = YES;
				CLANG_ENABLE_OBJC_ARC = YES;
				CLANG_WARN_BOOL_CONVERSION = YES;
				CLANG_WARN_CONSTANT_CONVERSION = YES;
				CLANG_WARN_DIRECT_OBJC_ISA_USAGE = YES_ERROR;
				CLANG_WARN_EMPTY_BODY = YES;
				CLANG_WARN_ENUM_CONVERSION = YES;
				CLANG_WARN_INT_CONVERSION = YES;
				CLANG_WARN_OBJC_ROOT_CLASS = YES_ERROR;
				CLANG_WARN_UNREACHABLE_CODE = YES;
				CLANG_WARN__DUPLICATE_METHOD_MATCH = YES;
				"CODE_SIGN_IDENTITY[sdk=iphoneos*]" = "iPhone Developer";
				COPY_PHASE_STRIP = NO;
				DEBUG_INFORMATION_FORMAT = "dwarf-with-dsym";
				ENABLE_NS_ASSERTIONS = NO;
				ENABLE_STRICT_OBJC_MSGSEND = YES;
				GCC_C_LANGUAGE_STANDARD = gnu99;
				GCC_NO_COMMON_BLOCKS = YES;
				GCC_WARN_64_TO_32_BIT_CONVERSION = YES;
				GCC_WARN_ABOUT_RETURN_TYPE = YES_ERROR;
				GCC_WARN_UNDECLARED_SELECTOR = YES;
				GCC_WARN_UNINITIALIZED_AUTOS = YES_AGGRESSIVE;
				GCC_WARN_UNUSED_FUNCTION = YES;
				GCC_WARN_UNUSED_VARIABLE = YES;
				IPHONEOS_DEPLOYMENT_TARGET = 9.0;
				MTL_ENABLE_DEBUG_INFO = NO;
				SDKROOT = iphoneos;
				TARGETED_DEVICE_FAMILY = "1,2";
				VALIDATE_PRODUCT = YES;
			};
			name = Release;
		};
		DD9B73DB1BBEE28300AB2E6A /* Debug */ = {
			isa = XCBuildConfiguration;
			buildSettings = {
				ASSETCATALOG_COMPILER_APPICON_NAME = AppIcon;
				CODE_SIGN_IDENTITY = "iPhone Developer: Andrew Christensen (SMSAKC45Y7)";
				"CODE_SIGN_IDENTITY[sdk=iphoneos*]" = "iPhone Developer";
				INFOPLIST_FILE = "News App/Info.plist";
				LD_RUNPATH_SEARCH_PATHS = "$(inherited) @executable_path/Frameworks";
				PRODUCT_BUNDLE_IDENTIFIER = "com.wallst.News-App";
				PRODUCT_NAME = "$(TARGET_NAME)";
				PROVISIONING_PROFILE = "";
			};
			name = Debug;
		};
		DD9B73DC1BBEE28300AB2E6A /* Release */ = {
			isa = XCBuildConfiguration;
			buildSettings = {
				ASSETCATALOG_COMPILER_APPICON_NAME = AppIcon;
				CODE_SIGN_IDENTITY = "iPhone Developer";
				"CODE_SIGN_IDENTITY[sdk=iphoneos*]" = "iPhone Developer";
				INFOPLIST_FILE = "News App/Info.plist";
				LD_RUNPATH_SEARCH_PATHS = "$(inherited) @executable_path/Frameworks";
				PRODUCT_BUNDLE_IDENTIFIER = "com.wallst.News-App";
				PRODUCT_NAME = "$(TARGET_NAME)";
				PROVISIONING_PROFILE = "";
			};
			name = Release;
		};
		DD9B73DE1BBEE28300AB2E6A /* Debug */ = {
			isa = XCBuildConfiguration;
			buildSettings = {
				BUNDLE_LOADER = "$(TEST_HOST)";
				INFOPLIST_FILE = "News AppTests/Info.plist";
				LD_RUNPATH_SEARCH_PATHS = "$(inherited) @executable_path/Frameworks @loader_path/Frameworks";
				PRODUCT_BUNDLE_IDENTIFIER = "com.wallst.News-AppTests";
				PRODUCT_NAME = "$(TARGET_NAME)";
				TEST_HOST = "$(BUILT_PRODUCTS_DIR)/News App.app/News App";
			};
			name = Debug;
		};
		DD9B73DF1BBEE28300AB2E6A /* Release */ = {
			isa = XCBuildConfiguration;
			buildSettings = {
				BUNDLE_LOADER = "$(TEST_HOST)";
				INFOPLIST_FILE = "News AppTests/Info.plist";
				LD_RUNPATH_SEARCH_PATHS = "$(inherited) @executable_path/Frameworks @loader_path/Frameworks";
				PRODUCT_BUNDLE_IDENTIFIER = "com.wallst.News-AppTests";
				PRODUCT_NAME = "$(TARGET_NAME)";
				TEST_HOST = "$(BUILT_PRODUCTS_DIR)/News App.app/News App";
			};
			name = Release;
		};
/* End XCBuildConfiguration section */

/* Begin XCConfigurationList section */
		DD9B73B01BBEE28200AB2E6A /* Build configuration list for PBXProject "News App" */ = {
			isa = XCConfigurationList;
			buildConfigurations = (
				DD9B73D81BBEE28300AB2E6A /* Debug */,
				DD9B73D91BBEE28300AB2E6A /* Release */,
			);
			defaultConfigurationIsVisible = 0;
			defaultConfigurationName = Release;
		};
		DD9B73DA1BBEE28300AB2E6A /* Build configuration list for PBXNativeTarget "News App" */ = {
			isa = XCConfigurationList;
			buildConfigurations = (
				DD9B73DB1BBEE28300AB2E6A /* Debug */,
				DD9B73DC1BBEE28300AB2E6A /* Release */,
			);
			defaultConfigurationIsVisible = 0;
			defaultConfigurationName = Release;
		};
		DD9B73DD1BBEE28300AB2E6A /* Build configuration list for PBXNativeTarget "News AppTests" */ = {
			isa = XCConfigurationList;
			buildConfigurations = (
				DD9B73DE1BBEE28300AB2E6A /* Debug */,
				DD9B73DF1BBEE28300AB2E6A /* Release */,
			);
			defaultConfigurationIsVisible = 0;
			defaultConfigurationName = Release;
		};
/* End XCConfigurationList section */

/* Begin XCVersionGroup section */
		DD9B73C41BBEE28200AB2E6A /* News_App.xcdatamodeld */ = {
			isa = XCVersionGroup;
			children = (
				DD9B73C51BBEE28200AB2E6A /* News_App.xcdatamodel */,
			);
			currentVersion = DD9B73C51BBEE28200AB2E6A /* News_App.xcdatamodel */;
			path = News_App.xcdatamodeld;
			sourceTree = "<group>";
			versionGroupType = wrapper.xcdatamodel;
		};
/* End XCVersionGroup section */
	};
	rootObject = DD9B73AD1BBEE28200AB2E6A /* Project object */;
}
